
Microsoft Visual Studio Solution File, Format Version 12.00
# Visual Studio 14
VisualStudioVersion = 14.0.24720.0
MinimumVisualStudioVersion = 10.0.40219.1
Project("{FAE04EC0-301F-11D3-BF4B-00C04F79EFBC}") = "Bz", "Bz\Bz.csproj", "{502937B4-371C-4441-B97E-04C6C5C7E973}"
EndProject
Project("{2150E333-8FDC-42A3-9474-1A3956D46DE8}") = "Tests", "Tests", "{86BC6A63-261A-4915-94B2-7C6D68F25EAF}"
EndProject
Project("{2150E333-8FDC-42A3-9474-1A3956D46DE8}") = "TestBase", "TestBase", "{9A05E57A-633B-4D84-B05D-EB1C7FFCBE94}"
EndProject
Project("{FAE04EC0-301F-11D3-BF4B-00C04F79EFBC}") = "Bz.EntityFramework", "Bz.EntityFramework\Bz.EntityFramework.csproj", "{446E3CBC-1C8B-4BD8-89F1-36411A25C628}"
EndProject
Project("{FAE04EC0-301F-11D3-BF4B-00C04F79EFBC}") = "Bz.Web", "Bz.Web\Bz.Web.csproj", "{4C4D55A9-D06F-4F93-A32D-BEEAA8F0A300}"
EndProject
Project("{FAE04EC0-301F-11D3-BF4B-00C04F79EFBC}") = "Bz.Web.Api", "Bz.Web.Api\Bz.Web.Api.csproj", "{15A23728-0481-4DF5-A425-7C878E31EF88}"
EndProject
Project("{FAE04EC0-301F-11D3-BF4B-00C04F79EFBC}") = "Bz.Web.Mvc", "Bz.Web.Mvc\Bz.Web.Mvc.csproj", "{9243B61F-9E65-4D02-AC77-608A09FB5C80}"
EndProject
Project("{FAE04EC0-301F-11D3-BF4B-00C04F79EFBC}") = "SimpleDemo.Application", "SimpleDemo.Application\SimpleDemo.Application.csproj", "{FF36E2C0-51EA-4D00-BB35-84D84773ECC5}"
EndProject
Project("{FAE04EC0-301F-11D3-BF4B-00C04F79EFBC}") = "SimpleDemo.Core", "SimpleDemo.Core\SimpleDemo.Core.csproj", "{1B53340D-9817-4E2D-B456-2F6D63AF0F84}"
EndProject
Project("{FAE04EC0-301F-11D3-BF4B-00C04F79EFBC}") = "SimpleDemo.EntityFramework", "SimpleDemo.EntityFramework\SimpleDemo.EntityFramework.csproj", "{E55F77B9-D169-4FB0-B7D5-BDF994D593BC}"
EndProject
Project("{FAE04EC0-301F-11D3-BF4B-00C04F79EFBC}") = "SimpleDemo.Web", "SimpleDemo.Web\SimpleDemo.Web.csproj", "{9813A3D7-7E3C-471F-BFDA-99E9F3A58147}"
EndProject
Project("{FAE04EC0-301F-11D3-BF4B-00C04F79EFBC}") = "SimpleDemo.WebApi", "SimpleDemo.WebApi\SimpleDemo.WebApi.csproj", "{411EAAEF-062F-4876-873E-AF5B81C45A64}"
EndProject
Project("{FAE04EC0-301F-11D3-BF4B-00C04F79EFBC}") = "Bz.Owin", "Bz.Owin\Bz.Owin.csproj", "{092C48F7-2B6F-4C46-AE05-78260364B19B}"
EndProject
Project("{FAE04EC0-301F-11D3-BF4B-00C04F79EFBC}") = "Bz.TestBase", "Bz.TestBase\Bz.TestBase.csproj", "{DB1A28F9-E07D-4964-A6F1-76B02FB2264B}"
EndProject
Project("{FAE04EC0-301F-11D3-BF4B-00C04F79EFBC}") = "SimpleDemo.Tests", "SimpleDemo.Tests\SimpleDemo.Tests.csproj", "{8E26633E-2E2D-414E-B15A-70D6159AC31F}"
EndProject
Project("{FAE04EC0-301F-11D3-BF4B-00C04F79EFBC}") = "Bz.Dapper", "Bz.Dapper\Bz.Dapper.csproj", "{ACA91AAB-08EF-424D-B03E-F917AEFB966E}"
EndProject
Global
	GlobalSection(SolutionConfigurationPlatforms) = preSolution
		Debug|Any CPU = Debug|Any CPU
		Release|Any CPU = Release|Any CPU
	EndGlobalSection
	GlobalSection(ProjectConfigurationPlatforms) = postSolution
		{502937B4-371C-4441-B97E-04C6C5C7E973}.Debug|Any CPU.ActiveCfg = Debug|Any CPU
		{502937B4-371C-4441-B97E-04C6C5C7E973}.Debug|Any CPU.Build.0 = Debug|Any CPU
		{502937B4-371C-4441-B97E-04C6C5C7E973}.Release|Any CPU.ActiveCfg = Release|Any CPU
		{502937B4-371C-4441-B97E-04C6C5C7E973}.Release|Any CPU.Build.0 = Release|Any CPU
		{446E3CBC-1C8B-4BD8-89F1-36411A25C628}.Debug|Any CPU.ActiveCfg = Debug|Any CPU
		{446E3CBC-1C8B-4BD8-89F1-36411A25C628}.Debug|Any CPU.Build.0 = Debug|Any CPU
		{446E3CBC-1C8B-4BD8-89F1-36411A25C628}.Release|Any CPU.ActiveCfg = Release|Any CPU
		{446E3CBC-1C8B-4BD8-89F1-36411A25C628}.Release|Any CPU.Build.0 = Release|Any CPU
		{4C4D55A9-D06F-4F93-A32D-BEEAA8F0A300}.Debug|Any CPU.ActiveCfg = Debug|Any CPU
		{4C4D55A9-D06F-4F93-A32D-BEEAA8F0A300}.Debug|Any CPU.Build.0 = Debug|Any CPU
		{4C4D55A9-D06F-4F93-A32D-BEEAA8F0A300}.Release|Any CPU.ActiveCfg = Release|Any CPU
		{4C4D55A9-D06F-4F93-A32D-BEEAA8F0A300}.Release|Any CPU.Build.0 = Release|Any CPU
		{15A23728-0481-4DF5-A425-7C878E31EF88}.Debug|Any CPU.ActiveCfg = Debug|Any CPU
		{15A23728-0481-4DF5-A425-7C878E31EF88}.Debug|Any CPU.Build.0 = Debug|Any CPU
		{15A23728-0481-4DF5-A425-7C878E31EF88}.Release|Any CPU.ActiveCfg = Release|Any CPU
		{15A23728-0481-4DF5-A425-7C878E31EF88}.Release|Any CPU.Build.0 = Release|Any CPU
		{9243B61F-9E65-4D02-AC77-608A09FB5C80}.Debug|Any CPU.ActiveCfg = Debug|Any CPU
		{9243B61F-9E65-4D02-AC77-608A09FB5C80}.Debug|Any CPU.Build.0 = Debug|Any CPU
		{9243B61F-9E65-4D02-AC77-608A09FB5C80}.Release|Any CPU.ActiveCfg = Release|Any CPU
		{9243B61F-9E65-4D02-AC77-608A09FB5C80}.Release|Any CPU.Build.0 = Release|Any CPU
		{FF36E2C0-51EA-4D00-BB35-84D84773ECC5}.Debug|Any CPU.ActiveCfg = Debug|Any CPU
		{FF36E2C0-51EA-4D00-BB35-84D84773ECC5}.Debug|Any CPU.Build.0 = Debug|Any CPU
		{FF36E2C0-51EA-4D00-BB35-84D84773ECC5}.Release|Any CPU.ActiveCfg = Release|Any CPU
		{FF36E2C0-51EA-4D00-BB35-84D84773ECC5}.Release|Any CPU.Build.0 = Release|Any CPU
		{1B53340D-9817-4E2D-B456-2F6D63AF0F84}.Debug|Any CPU.ActiveCfg = Debug|Any CPU
		{1B53340D-9817-4E2D-B456-2F6D63AF0F84}.Debug|Any CPU.Build.0 = Debug|Any CPU
		{1B53340D-9817-4E2D-B456-2F6D63AF0F84}.Release|Any CPU.ActiveCfg = Release|Any CPU
		{1B53340D-9817-4E2D-B456-2F6D63AF0F84}.Release|Any CPU.Build.0 = Release|Any CPU
		{E55F77B9-D169-4FB0-B7D5-BDF994D593BC}.Debug|Any CPU.ActiveCfg = Debug|Any CPU
		{E55F77B9-D169-4FB0-B7D5-BDF994D593BC}.Debug|Any CPU.Build.0 = Debug|Any CPU
		{E55F77B9-D169-4FB0-B7D5-BDF994D593BC}.Release|Any CPU.ActiveCfg = Release|Any CPU
		{E55F77B9-D169-4FB0-B7D5-BDF994D593BC}.Release|Any CPU.Build.0 = Release|Any CPU
		{9813A3D7-7E3C-471F-BFDA-99E9F3A58147}.Debug|Any CPU.ActiveCfg = Debug|Any CPU
		{9813A3D7-7E3C-471F-BFDA-99E9F3A58147}.Debug|Any CPU.Build.0 = Debug|Any CPU
		{9813A3D7-7E3C-471F-BFDA-99E9F3A58147}.Release|Any CPU.ActiveCfg = Release|Any CPU
		{9813A3D7-7E3C-471F-BFDA-99E9F3A58147}.Release|Any CPU.Build.0 = Release|Any CPU
		{411EAAEF-062F-4876-873E-AF5B81C45A64}.Debug|Any CPU.ActiveCfg = Debug|Any CPU
		{411EAAEF-062F-4876-873E-AF5B81C45A64}.Debug|Any CPU.Build.0 = Debug|Any CPU
		{411EAAEF-062F-4876-873E-AF5B81C45A64}.Release|Any CPU.ActiveCfg = Release|Any CPU
		{411EAAEF-062F-4876-873E-AF5B81C45A64}.Release|Any CPU.Build.0 = Release|Any CPU
		{092C48F7-2B6F-4C46-AE05-78260364B19B}.Debug|Any CPU.ActiveCfg = Debug|Any CPU
		{092C48F7-2B6F-4C46-AE05-78260364B19B}.Debug|Any CPU.Build.0 = Debug|Any CPU
		{092C48F7-2B6F-4C46-AE05-78260364B19B}.Release|Any CPU.ActiveCfg = Release|Any CPU
		{092C48F7-2B6F-4C46-AE05-78260364B19B}.Release|Any CPU.Build.0 = Release|Any CPU
		{DB1A28F9-E07D-4964-A6F1-76B02FB2264B}.Debug|Any CPU.ActiveCfg = Debug|Any CPU
		{DB1A28F9-E07D-4964-A6F1-76B02FB2264B}.Debug|Any CPU.Build.0 = Debug|Any CPU
		{DB1A28F9-E07D-4964-A6F1-76B02FB2264B}.Release|Any CPU.ActiveCfg = Release|Any CPU
		{DB1A28F9-E07D-4964-A6F1-76B02FB2264B}.Release|Any CPU.Build.0 = Release|Any CPU
		{8E26633E-2E2D-414E-B15A-70D6159AC31F}.Debug|Any CPU.ActiveCfg = Debug|Any CPU
		{8E26633E-2E2D-414E-B15A-70D6159AC31F}.Debug|Any CPU.Build.0 = Debug|Any CPU
		{8E26633E-2E2D-414E-B15A-70D6159AC31F}.Release|Any CPU.ActiveCfg = Release|Any CPU
		{8E26633E-2E2D-414E-B15A-70D6159AC31F}.Release|Any CPU.Build.0 = Release|Any CPU
		{ACA91AAB-08EF-424D-B03E-F917AEFB966E}.Debug|Any CPU.ActiveCfg = Debug|Any CPU
		{ACA91AAB-08EF-424D-B03E-F917AEFB966E}.Debug|Any CPU.Build.0 = Debug|Any CPU
		{ACA91AAB-08EF-424D-B03E-F917AEFB966E}.Release|Any CPU.ActiveCfg = Release|Any CPU
		{ACA91AAB-08EF-424D-B03E-F917AEFB966E}.Release|Any CPU.Build.0 = Release|Any CPU
	EndGlobalSection
	GlobalSection(SolutionProperties) = preSolution
		HideSolutionNode = FALSE
	EndGlobalSection
	GlobalSection(NestedProjects) = preSolution
		{DB1A28F9-E07D-4964-A6F1-76B02FB2264B} = {9A05E57A-633B-4D84-B05D-EB1C7FFCBE94}
		{8E26633E-2E2D-414E-B15A-70D6159AC31F} = {86BC6A63-261A-4915-94B2-7C6D68F25EAF}
	EndGlobalSection
EndGlobal
